
Microsoft Visual Studio Solution File, Format Version 12.00
# Visual Studio Version 17
VisualStudioVersion = 17.4.33213.308
MinimumVisualStudioVersion = 10.0.40219.1
Project("{FAE04EC0-301F-11D3-BF4B-00C04F79EFBC}") = "DSA Revision", "DSA Revision\DSA Revision.csproj", "{3758FDE8-9385-497E-860C-6E28D8BC8CB6}"
EndProject
Global
	GlobalSection(SolutionConfigurationPlatforms) = preSolution
		Debug|Any CPU = Debug|Any CPU
		Release|Any CPU = Release|Any CPU
	EndGlobalSection
	GlobalSection(ProjectConfigurationPlatforms) = postSolution
		{3758FDE8-9385-497E-860C-6E28D8BC8CB6}.Debug|Any CPU.ActiveCfg = Debug|Any CPU
		{3758FDE8-9385-497E-860C-6E28D8BC8CB6}.Debug|Any CPU.Build.0 = Debug|Any CPU
		{3758FDE8-9385-497E-860C-6E28D8BC8CB6}.Release|Any CPU.ActiveCfg = Release|Any CPU
		{3758FDE8-9385-497E-860C-6E28D8BC8CB6}.Release|Any CPU.Build.0 = Release|Any CPU
	EndGlobalSection
	GlobalSection(SolutionProperties) = preSolution
		HideSolutionNode = FALSE
	EndGlobalSection
	GlobalSection(ExtensibilityGlobals) = postSolution
		SolutionGuid = {535BE3A4-80F3-4D63-A065-952913C6C9C0}
	EndGlobalSection
EndGlobal
